lockfileVersion: '6.0'

dependencies:
  bootstrap:
    specifier: ^5.3.2
    version: 5.3.2(@popperjs/core@2.11.8)
  bourbon:
    specifier: ^7.3.0
    version: 7.3.0
  uikit:
    specifier: ^3.17.0
    version: 3.17.0

packages:

  /@popperjs/core@2.11.8:
    resolution: {integrity: sha512-P1st0aksCrn9sGZhp8GMYwBnQsbvAWsZAX44oXNNvLHGqAOcoVxmjZiohstwQ7SqKnbR47akdNi+uleWD8+g6A==}
    dev: false

  /bootstrap@5.3.2(@popperjs/core@2.11.8):
    resolution: {integrity: sha512-D32nmNWiQHo94BKHLmOrdjlL05q1c8oxbtBphQFb9Z5to6eGRDCm0QgeaZ4zFBHzfg2++rqa2JkqCcxDy0sH0g==}
    peerDependencies:
      '@popperjs/core': ^2.11.8
    dependencies:
      '@popperjs/core': 2.11.8
    dev: false

  /bourbon@7.3.0:
    resolution: {integrity: sha512-u9ZUqmaX7K7nkarKODlFT4/XYfWafLRoadlv2Lye8hytrIA4Urg/50rav1eFdbdbO6o9GnK9a6qf7zwq808atA==}
    dev: false

  /uikit@3.17.0:
    resolution: {integrity: sha512-/xgmse0IWIVSLihQh61LAfzHMTkM13Y2n7Esgg2B0iojrGMFXXVuGgxuzN+zJTvUK0rTcrk/WiWO1VY0Xc1KGg==}
    dev: false
